
Microsoft Visual Studio Solution File, Format Version 12.00
# Visual Studio Version 16
VisualStudioVersion = 16.0.29025.244
MinimumVisualStudioVersion = 10.0.40219.1
Project("{FAE04EC0-301F-11D3-BF4B-00C04F79EFBC}") = "Naos.Protocol.Domain", "Naos.Protocol.Domain\Naos.Protocol.Domain.csproj", "{CC842AE0-9125-4124-A4B2-3976595B6197}"
EndProject
Project("{FAE04EC0-301F-11D3-BF4B-00C04F79EFBC}") = "Naos.Protocol.SqlServer", "Naos.Protocol.SqlServer\Naos.Protocol.SqlServer.csproj", "{01807AC1-D1A5-4B32-A729-3F16AD6E4877}"
EndProject
Global
	GlobalSection(SolutionConfigurationPlatforms) = preSolution
		Debug|Any CPU = Debug|Any CPU
		Release|Any CPU = Release|Any CPU
	EndGlobalSection
	GlobalSection(ProjectConfigurationPlatforms) = postSolution
		{CC842AE0-9125-4124-A4B2-3976595B6197}.Debug|Any CPU.ActiveCfg = Debug|Any CPU
		{CC842AE0-9125-4124-A4B2-3976595B6197}.Debug|Any CPU.Build.0 = Debug|Any CPU
		{CC842AE0-9125-4124-A4B2-3976595B6197}.Release|Any CPU.ActiveCfg = Release|Any CPU
		{CC842AE0-9125-4124-A4B2-3976595B6197}.Release|Any CPU.Build.0 = Release|Any CPU
		{01807AC1-D1A5-4B32-A729-3F16AD6E4877}.Debug|Any CPU.ActiveCfg = Debug|Any CPU
		{01807AC1-D1A5-4B32-A729-3F16AD6E4877}.Debug|Any CPU.Build.0 = Debug|Any CPU
		{01807AC1-D1A5-4B32-A729-3F16AD6E4877}.Release|Any CPU.ActiveCfg = Release|Any CPU
		{01807AC1-D1A5-4B32-A729-3F16AD6E4877}.Release|Any CPU.Build.0 = Release|Any CPU
	EndGlobalSection
	GlobalSection(SolutionProperties) = preSolution
		HideSolutionNode = FALSE
	EndGlobalSection
	GlobalSection(ExtensibilityGlobals) = postSolution
		SolutionGuid = {3F9A77FC-BB45-482A-8F7C-32D1949A6BC0}
	EndGlobalSection
EndGlobal
